// !$*UTF8*$!
{
	archiveVersion = 1;
	classes = {
	};
	objectVersion = 50;
	objects = {

/* Begin PBXBuildFile section */
		5342AB2522821CC100690C64 /* EditAlertViewController.swift in Sources */ = {isa = PBXBuildFile; fileRef = 5342AB2422821CC100690C64 /* EditAlertViewController.swift */; };
		921FBA142278B30E003791C8 /* RegistrationViewController.swift in Sources */ = {isa = PBXBuildFile; fileRef = 921FBA132278B30E003791C8 /* RegistrationViewController.swift */; };
		92CF857D227F94F500D4BF8D /* PatientAlertViewController.swift in Sources */ = {isa = PBXBuildFile; fileRef = 92CF857C227F94F500D4BF8D /* PatientAlertViewController.swift */; };
		92CF857F227F96C600D4BF8D /* PairAlertViewController.swift in Sources */ = {isa = PBXBuildFile; fileRef = 92CF857E227F96C600D4BF8D /* PairAlertViewController.swift */; };
		92D940AF227F22BA004CDC90 /* ResolveAlertViewController.swift in Sources */ = {isa = PBXBuildFile; fileRef = 92D940AE227F22BA004CDC90 /* ResolveAlertViewController.swift */; };
		92FBDC1C227BF1EF00000E2E /* FindAlertsViewController.swift in Sources */ = {isa = PBXBuildFile; fileRef = 92FBDC1B227BF1EE00000E2E /* FindAlertsViewController.swift */; };
		92FBDC1E227BF86900000E2E /* AlertInfoViewController.swift in Sources */ = {isa = PBXBuildFile; fileRef = 92FBDC1D227BF86900000E2E /* AlertInfoViewController.swift */; };
		B70597462255112300AE1386 /* AppDelegate.swift in Sources */ = {isa = PBXBuildFile; fileRef = B70597452255112300AE1386 /* AppDelegate.swift */; };
		B70597482255112300AE1386 /* ViewController.swift in Sources */ = {isa = PBXBuildFile; fileRef = B70597472255112300AE1386 /* ViewController.swift */; };
		B705974B2255112300AE1386 /* Main.storyboard in Resources */ = {isa = PBXBuildFile; fileRef = B70597492255112300AE1386 /* Main.storyboard */; };
		B705974D2255112B00AE1386 /* Assets.xcassets in Resources */ = {isa = PBXBuildFile; fileRef = B705974C2255112B00AE1386 /* Assets.xcassets */; };
		B70597502255112B00AE1386 /* LaunchScreen.storyboard in Resources */ = {isa = PBXBuildFile; fileRef = B705974E2255112B00AE1386 /* LaunchScreen.storyboard */; };
		B705975B2255112B00AE1386 /* finalTestTests.swift in Sources */ = {isa = PBXBuildFile; fileRef = B705975A2255112B00AE1386 /* finalTestTests.swift */; };
		B70597662255112B00AE1386 /* finalTestUITests.swift in Sources */ = {isa = PBXBuildFile; fileRef = B70597652255112B00AE1386 /* finalTestUITests.swift */; };
		B7DE95BC2270EBD100141783 /* ptHome.swift in Sources */ = {isa = PBXBuildFile; fileRef = B7DE95BB2270EBD100141783 /* ptHome.swift */; };
/* End PBXBuildFile section */

/* Begin PBXContainerItemProxy section */
		B70597572255112B00AE1386 /* PBXContainerItemProxy */ = {
			isa = PBXContainerItemProxy;
			containerPortal = B705973A2255112300AE1386 /* Project object */;
			proxyType = 1;
			remoteGlobalIDString = B70597412255112300AE1386;
			remoteInfo = finalTest;
		};
		B70597622255112B00AE1386 /* PBXContainerItemProxy */ = {
			isa = PBXContainerItemProxy;
			containerPortal = B705973A2255112300AE1386 /* Project object */;
			proxyType = 1;
			remoteGlobalIDString = B70597412255112300AE1386;
			remoteInfo = finalTest;
		};
/* End PBXContainerItemProxy section */

/* Begin PBXFileReference section */
		532D2BB222832C7D00CB37FB /* WSP.gpx */ = {isa = PBXFileReference; lastKnownFileType = text.xml; path = WSP.gpx; sourceTree = "<group>"; };
		532D2BB322832DA400CB37FB /* Bobst.gpx */ = {isa = PBXFileReference; lastKnownFileType = text.xml; path = Bobst.gpx; sourceTree = "<group>"; };
		532D2BB422832DE300CB37FB /* W4th.gpx */ = {isa = PBXFileReference; lastKnownFileType = text.xml; path = W4th.gpx; sourceTree = "<group>"; };
		5342AB2422821CC100690C64 /* EditAlertViewController.swift */ = {isa = PBXFileReference; lastKnownFileType = sourcecode.swift; path = EditAlertViewController.swift; sourceTree = "<group>"; };
		921FBA132278B30E003791C8 /* RegistrationViewController.swift */ = {isa = PBXFileReference; lastKnownFileType = sourcecode.swift; path = RegistrationViewController.swift; sourceTree = "<group>"; };
		92CF857C227F94F500D4BF8D /* PatientAlertViewController.swift */ = {isa = PBXFileReference; lastKnownFileType = sourcecode.swift; path = PatientAlertViewController.swift; sourceTree = "<group>"; };
		92CF857E227F96C600D4BF8D /* PairAlertViewController.swift */ = {isa = PBXFileReference; fileEncoding = 4; lastKnownFileType = sourcecode.swift; path = PairAlertViewController.swift; sourceTree = "<group>"; };
		92D940AE227F22BA004CDC90 /* ResolveAlertViewController.swift */ = {isa = PBXFileReference; lastKnownFileType = sourcecode.swift; path = ResolveAlertViewController.swift; sourceTree = "<group>"; };
		92FBDC1B227BF1EE00000E2E /* FindAlertsViewController.swift */ = {isa = PBXFileReference; fileEncoding = 4; lastKnownFileType = sourcecode.swift; path = FindAlertsViewController.swift; sourceTree = "<group>"; };
		92FBDC1D227BF86900000E2E /* AlertInfoViewController.swift */ = {isa = PBXFileReference; lastKnownFileType = sourcecode.swift; path = AlertInfoViewController.swift; sourceTree = "<group>"; };
		B70597422255112300AE1386 /* finalTest.app */ = {isa = PBXFileReference; explicitFileType = wrapper.application; includeInIndex = 0; path = finalTest.app; sourceTree = BUILT_PRODUCTS_DIR; };
		B70597452255112300AE1386 /* AppDelegate.swift */ = {isa = PBXFileReference; lastKnownFileType = sourcecode.swift; path = AppDelegate.swift; sourceTree = "<group>"; };
		B70597472255112300AE1386 /* ViewController.swift */ = {isa = PBXFileReference; lastKnownFileType = sourcecode.swift; path = ViewController.swift; sourceTree = "<group>"; };
		B705974A2255112300AE1386 /* Base */ = {isa = PBXFileReference; lastKnownFileType = file.storyboard; name = Base; path = Base.lproj/Main.storyboard; sourceTree = "<group>"; };
		B705974C2255112B00AE1386 /* Assets.xcassets */ = {isa = PBXFileReference; lastKnownFileType = folder.assetcatalog; path = Assets.xcassets; sourceTree = "<group>"; };
		B705974F2255112B00AE1386 /* Base */ = {isa = PBXFileReference; lastKnownFileType = file.storyboard; name = Base; path = Base.lproj/LaunchScreen.storyboard; sourceTree = "<group>"; };
		B70597512255112B00AE1386 /* Info.plist */ = {isa = PBXFileReference; lastKnownFileType = text.plist.xml; path = Info.plist; sourceTree = "<group>"; };
		B70597562255112B00AE1386 /* finalTestTests.xctest */ = {isa = PBXFileReference; explicitFileType = wrapper.cfbundle; includeInIndex = 0; path = finalTestTests.xctest; sourceTree = BUILT_PRODUCTS_DIR; };
		B705975A2255112B00AE1386 /* finalTestTests.swift */ = {isa = PBXFileReference; lastKnownFileType = sourcecode.swift; path = finalTestTests.swift; sourceTree = "<group>"; };
		B705975C2255112B00AE1386 /* Info.plist */ = {isa = PBXFileReference; lastKnownFileType = text.plist.xml; path = Info.plist; sourceTree = "<group>"; };
		B70597612255112B00AE1386 /* finalTestUITests.xctest */ = {isa = PBXFileReference; explicitFileType = wrapper.cfbundle; includeInIndex = 0; path = finalTestUITests.xctest; sourceTree = BUILT_PRODUCTS_DIR; };
		B70597652255112B00AE1386 /* finalTestUITests.swift */ = {isa = PBXFileReference; lastKnownFileType = sourcecode.swift; path = finalTestUITests.swift; sourceTree = "<group>"; };
		B70597672255112B00AE1386 /* Info.plist */ = {isa = PBXFileReference; lastKnownFileType = text.plist.xml; path = Info.plist; sourceTree = "<group>"; };
		B7DE95BB2270EBD100141783 /* ptHome.swift */ = {isa = PBXFileReference; lastKnownFileType = sourcecode.swift; path = ptHome.swift; sourceTree = "<group>"; };
/* End PBXFileReference section */

/* Begin PBXFrameworksBuildPhase section */
		B705973F2255112300AE1386 /* Frameworks */ = {
			isa = PBXFrameworksBuildPhase;
			buildActionMask = 2147483647;
			files = (
			);
			runOnlyForDeploymentPostprocessing = 0;
		};
		B70597532255112B00AE1386 /* Frameworks */ = {
			isa = PBXFrameworksBuildPhase;
			buildActionMask = 2147483647;
			files = (
			);
			runOnlyForDeploymentPostprocessing = 0;
		};
		B705975E2255112B00AE1386 /* Frameworks */ = {
			isa = PBXFrameworksBuildPhase;
			buildActionMask = 2147483647;
			files = (
			);
			runOnlyForDeploymentPostprocessing = 0;
		};
/* End PBXFrameworksBuildPhase section */

/* Begin PBXGroup section */
		B70597392255112300AE1386 = {
			isa = PBXGroup;
			children = (
				B70597442255112300AE1386 /* finalTest */,
				B70597592255112B00AE1386 /* finalTestTests */,
				B70597642255112B00AE1386 /* finalTestUITests */,
				B70597432255112300AE1386 /* Products */,
			);
			sourceTree = "<group>";
		};
		B70597432255112300AE1386 /* Products */ = {
			isa = PBXGroup;
			children = (
				B70597422255112300AE1386 /* finalTest.app */,
				B70597562255112B00AE1386 /* finalTestTests.xctest */,
				B70597612255112B00AE1386 /* finalTestUITests.xctest */,
			);
			name = Products;
			sourceTree = "<group>";
		};
		B70597442255112300AE1386 /* finalTest */ = {
			isa = PBXGroup;
			children = (
				B70597452255112300AE1386 /* AppDelegate.swift */,
				B70597472255112300AE1386 /* ViewController.swift */,
				B70597492255112300AE1386 /* Main.storyboard */,
				5342AB2422821CC100690C64 /* EditAlertViewController.swift */,
				B7DE95BB2270EBD100141783 /* ptHome.swift */,
				92FBDC1D227BF86900000E2E /* AlertInfoViewController.swift */,
				92CF857C227F94F500D4BF8D /* PatientAlertViewController.swift */,
				92D940AE227F22BA004CDC90 /* ResolveAlertViewController.swift */,
				B705974C2255112B00AE1386 /* Assets.xcassets */,
				B705974E2255112B00AE1386 /* LaunchScreen.storyboard */,
				B70597512255112B00AE1386 /* Info.plist */,
				92CF857E227F96C600D4BF8D /* PairAlertViewController.swift */,
				921FBA132278B30E003791C8 /* RegistrationViewController.swift */,
				92FBDC1B227BF1EE00000E2E /* FindAlertsViewController.swift */,
				532D2BB222832C7D00CB37FB /* WSP.gpx */,
				532D2BB322832DA400CB37FB /* Bobst.gpx */,
				532D2BB422832DE300CB37FB /* W4th.gpx */,
			);
			path = finalTest;
			sourceTree = "<group>";
		};
		B70597592255112B00AE1386 /* finalTestTests */ = {
			isa = PBXGroup;
			children = (
				B705975A2255112B00AE1386 /* finalTestTests.swift */,
				B705975C2255112B00AE1386 /* Info.plist */,
			);
			path = finalTestTests;
			sourceTree = "<group>";
		};
		B70597642255112B00AE1386 /* finalTestUITests */ = {
			isa = PBXGroup;
			children = (
				B70597652255112B00AE1386 /* finalTestUITests.swift */,
				B70597672255112B00AE1386 /* Info.plist */,
			);
			path = finalTestUITests;
			sourceTree = "<group>";
		};
/* End PBXGroup section */

/* Begin PBXNativeTarget section */
		B70597412255112300AE1386 /* finalTest */ = {
			isa = PBXNativeTarget;
			buildConfigurationList = B705976A2255112B00AE1386 /* Build configuration list for PBXNativeTarget "finalTest" */;
			buildPhases = (
				B705973E2255112300AE1386 /* Sources */,
				B705973F2255112300AE1386 /* Frameworks */,
				B70597402255112300AE1386 /* Resources */,
			);
			buildRules = (
			);
			dependencies = (
			);
			name = finalTest;
			productName = finalTest;
			productReference = B70597422255112300AE1386 /* finalTest.app */;
			productType = "com.apple.product-type.application";
		};
		B70597552255112B00AE1386 /* finalTestTests */ = {
			isa = PBXNativeTarget;
			buildConfigurationList = B705976D2255112B00AE1386 /* Build configuration list for PBXNativeTarget "finalTestTests" */;
			buildPhases = (
				B70597522255112B00AE1386 /* Sources */,
				B70597532255112B00AE1386 /* Frameworks */,
				B70597542255112B00AE1386 /* Resources */,
			);
			buildRules = (
			);
			dependencies = (
				B70597582255112B00AE1386 /* PBXTargetDependency */,
			);
			name = finalTestTests;
			productName = finalTestTests;
			productReference = B70597562255112B00AE1386 /* finalTestTests.xctest */;
			productType = "com.apple.product-type.bundle.unit-test";
		};
		B70597602255112B00AE1386 /* finalTestUITests */ = {
			isa = PBXNativeTarget;
			buildConfigurationList = B70597702255112B00AE1386 /* Build configuration list for PBXNativeTarget "finalTestUITests" */;
			buildPhases = (
				B705975D2255112B00AE1386 /* Sources */,
				B705975E2255112B00AE1386 /* Frameworks */,
				B705975F2255112B00AE1386 /* Resources */,
			);
			buildRules = (
			);
			dependencies = (
				B70597632255112B00AE1386 /* PBXTargetDependency */,
			);
			name = finalTestUITests;
			productName = finalTestUITests;
			productReference = B70597612255112B00AE1386 /* finalTestUITests.xctest */;
			productType = "com.apple.product-type.bundle.ui-testing";
		};
/* End PBXNativeTarget section */

/* Begin PBXProject section */
		B705973A2255112300AE1386 /* Project object */ = {
			isa = PBXProject;
			attributes = {
				LastSwiftUpdateCheck = 1020;
				LastUpgradeCheck = 1020;
				ORGANIZATIONNAME = nyu.edu;
				TargetAttributes = {
					B70597412255112300AE1386 = {
						CreatedOnToolsVersion = 10.2;
						SystemCapabilities = {
							com.apple.BackgroundModes = {
								enabled = 1;
							};
						};
					};
					B70597552255112B00AE1386 = {
						CreatedOnToolsVersion = 10.2;
						TestTargetID = B70597412255112300AE1386;
					};
					B70597602255112B00AE1386 = {
						CreatedOnToolsVersion = 10.2;
						TestTargetID = B70597412255112300AE1386;
					};
				};
			};
			buildConfigurationList = B705973D2255112300AE1386 /* Build configuration list for PBXProject "finalTest" */;
			compatibilityVersion = "Xcode 9.3";
			developmentRegion = en;
			hasScannedForEncodings = 0;
			knownRegions = (
				en,
				Base,
			);
			mainGroup = B70597392255112300AE1386;
			productRefGroup = B70597432255112300AE1386 /* Products */;
			projectDirPath = "";
			projectRoot = "";
			targets = (
				B70597412255112300AE1386 /* finalTest */,
				B70597552255112B00AE1386 /* finalTestTests */,
				B70597602255112B00AE1386 /* finalTestUITests */,
			);
		};
/* End PBXProject section */

/* Begin PBXResourcesBuildPhase section */
		B70597402255112300AE1386 /* Resources */ = {
			isa = PBXResourcesBuildPhase;
			buildActionMask = 2147483647;
			files = (
				B70597502255112B00AE1386 /* LaunchScreen.storyboard in Resources */,
				B705974D2255112B00AE1386 /* Assets.xcassets in Resources */,
				B705974B2255112300AE1386 /* Main.storyboard in Resources */,
			);
			runOnlyForDeploymentPostprocessing = 0;
		};
		B70597542255112B00AE1386 /* Resources */ = {
			isa = PBXResourcesBuildPhase;
			buildActionMask = 2147483647;
			files = (
			);
			runOnlyForDeploymentPostprocessing = 0;
		};
		B705975F2255112B00AE1386 /* Resources */ = {
			isa = PBXResourcesBuildPhase;
			buildActionMask = 2147483647;
			files = (
			);
			runOnlyForDeploymentPostprocessing = 0;
		};
/* End PBXResourcesBuildPhase section */

/* Begin PBXSourcesBuildPhase section */
		B705973E2255112300AE1386 /* Sources */ = {
			isa = PBXSourcesBuildPhase;
			buildActionMask = 2147483647;
			files = (
				92FBDC1C227BF1EF00000E2E /* FindAlertsViewController.swift in Sources */,
				B7DE95BC2270EBD100141783 /* ptHome.swift in Sources */,
				92CF857F227F96C600D4BF8D /* PairAlertViewController.swift in Sources */,
				5342AB2522821CC100690C64 /* EditAlertViewController.swift in Sources */,
				92FBDC1E227BF86900000E2E /* AlertInfoViewController.swift in Sources */,
				B70597482255112300AE1386 /* ViewController.swift in Sources */,
				92D940AF227F22BA004CDC90 /* ResolveAlertViewController.swift in Sources */,
				B70597462255112300AE1386 /* AppDelegate.swift in Sources */,
				92CF857D227F94F500D4BF8D /* PatientAlertViewController.swift in Sources */,
				921FBA142278B30E003791C8 /* RegistrationViewController.swift in Sources */,
			);
			runOnlyForDeploymentPostprocessing = 0;
		};
		B70597522255112B00AE1386 /* Sources */ = {
			isa = PBXSourcesBuildPhase;
			buildActionMask = 2147483647;
			files = (
				B705975B2255112B00AE1386 /* finalTestTests.swift in Sources */,
			);
			runOnlyForDeploymentPostprocessing = 0;
		};
		B705975D2255112B00AE1386 /* Sources */ = {
			isa = PBXSourcesBuildPhase;
			buildActionMask = 2147483647;
			files = (
				B70597662255112B00AE1386 /* finalTestUITests.swift in Sources */,
			);
			runOnlyForDeploymentPostprocessing = 0;
		};
/* End PBXSourcesBuildPhase section */

/* Begin PBXTargetDependency section */
		B70597582255112B00AE1386 /* PBXTargetDependency */ = {
			isa = PBXTargetDependency;
			target = B70597412255112300AE1386 /* finalTest */;
			targetProxy = B70597572255112B00AE1386 /* PBXContainerItemProxy */;
		};
		B70597632255112B00AE1386 /* PBXTargetDependency */ = {
			isa = PBXTargetDependency;
			target = B70597412255112300AE1386 /* finalTest */;
			targetProxy = B70597622255112B00AE1386 /* PBXContainerItemProxy */;
		};
/* End PBXTargetDependency section */

/* Begin PBXVariantGroup section */
		B70597492255112300AE1386 /* Main.storyboard */ = {
			isa = PBXVariantGroup;
			children = (
				B705974A2255112300AE1386 /* Base */,
			);
			name = Main.storyboard;
			sourceTree = "<group>";
		};
		B705974E2255112B00AE1386 /* LaunchScreen.storyboard */ = {
			isa = PBXVariantGroup;
			children = (
				B705974F2255112B00AE1386 /* Base */,
			);
			name = LaunchScreen.storyboard;
			sourceTree = "<group>";
		};
/* End PBXVariantGroup section */

/* Begin XCBuildConfiguration section */
		B70597682255112B00AE1386 /* Debug */ = {
			isa = XCBuildConfiguration;
			buildSettings = {
				ALWAYS_SEARCH_USER_PATHS = NO;
				CLANG_ANALYZER_NONNULL = YES;
				CLANG_ANALYZER_NUMBER_OBJECT_CONVERSION = YES_AGGRESSIVE;
				CLANG_CXX_LANGUAGE_STANDARD = "gnu++14";
				CLANG_CXX_LIBRARY = "libc++";
				CLANG_ENABLE_MODULES = YES;
				CLANG_ENABLE_OBJC_ARC = YES;
				CLANG_ENABLE_OBJC_WEAK = YES;
				CLANG_WARN_BLOCK_CAPTURE_AUTORELEASING = YES;
				CLANG_WARN_BOOL_CONVERSION = YES;
				CLANG_WARN_COMMA = YES;
				CLANG_WARN_CONSTANT_CONVERSION = YES;
				CLANG_WARN_DEPRECATED_OBJC_IMPLEMENTATIONS = YES;
				CLANG_WARN_DIRECT_OBJC_ISA_USAGE = YES_ERROR;
				CLANG_WARN_DOCUMENTATION_COMMENTS = YES;
				CLANG_WARN_EMPTY_BODY = YES;
				CLANG_WARN_ENUM_CONVERSION = YES;
				CLANG_WARN_INFINITE_RECURSION = YES;
				CLANG_WARN_INT_CONVERSION = YES;
				CLANG_WARN_NON_LITERAL_NULL_CONVERSION = YES;
				CLANG_WARN_OBJC_IMPLICIT_RETAIN_SELF = YES;
				CLANG_WARN_OBJC_LITERAL_CONVERSION = YES;
				CLANG_WARN_OBJC_ROOT_CLASS = YES_ERROR;
				CLANG_WARN_RANGE_LOOP_ANALYSIS = YES;
				CLANG_WARN_STRICT_PROTOTYPES = YES;
				CLANG_WARN_SUSPICIOUS_MOVE = YES;
				CLANG_WARN_UNGUARDED_AVAILABILITY = YES_AGGRESSIVE;
				CLANG_WARN_UNREACHABLE_CODE = YES;
				CLANG_WARN__DUPLICATE_METHOD_MATCH = YES;
				CODE_SIGN_IDENTITY = "iPhone Developer";
				COPY_PHASE_STRIP = NO;
				DEBUG_INFORMATION_FORMAT = dwarf;
				ENABLE_STRICT_OBJC_MSGSEND = YES;
				ENABLE_TESTABILITY = YES;
				GCC_C_LANGUAGE_STANDARD = gnu11;
				GCC_DYNAMIC_NO_PIC = NO;
				GCC_NO_COMMON_BLOCKS = YES;
				GCC_OPTIMIZATION_LEVEL = 0;
				GCC_PREPROCESSOR_DEFINITIONS = (
					"DEBUG=1",
					"$(inherited)",
				);
				GCC_WARN_64_TO_32_BIT_CONVERSION = YES;
				GCC_WARN_ABOUT_RETURN_TYPE = YES_ERROR;
				GCC_WARN_UNDECLARED_SELECTOR = YES;
				GCC_WARN_UNINITIALIZED_AUTOS = YES_AGGRESSIVE;
				GCC_WARN_UNUSED_FUNCTION = YES;
				GCC_WARN_UNUSED_VARIABLE = YES;
				IPHONEOS_DEPLOYMENT_TARGET = 12.2;
				MTL_ENABLE_DEBUG_INFO = INCLUDE_SOURCE;
				MTL_FAST_MATH = YES;
				ONLY_ACTIVE_ARCH = YES;
				SDKROOT = iphoneos;
				SWIFT_ACTIVE_COMPILATION_CONDITIONS = DEBUG;
				SWIFT_OPTIMIZATION_LEVEL = "-Onone";
			};
			name = Debug;
		};
		B70597692255112B00AE1386 /* Release */ = {
			isa = XCBuildConfiguration;
			buildSettings = {
				ALWAYS_SEARCH_USER_PATHS = NO;
				CLANG_ANALYZER_NONNULL = YES;
				CLANG_ANALYZER_NUMBER_OBJECT_CONVERSION = YES_AGGRESSIVE;
				CLANG_CXX_LANGUAGE_STANDARD = "gnu++14";
				CLANG_CXX_LIBRARY = "libc++";
				CLANG_ENABLE_MODULES = YES;
				CLANG_ENABLE_OBJC_ARC = YES;
				CLANG_ENABLE_OBJC_WEAK = YES;
				CLANG_WARN_BLOCK_CAPTURE_AUTORELEASING = YES;
				CLANG_WARN_BOOL_CONVERSION = YES;
				CLANG_WARN_COMMA = YES;
				CLANG_WARN_CONSTANT_CONVERSION = YES;
				CLANG_WARN_DEPRECATED_OBJC_IMPLEMENTATIONS = YES;
				CLANG_WARN_DIRECT_OBJC_ISA_USAGE = YES_ERROR;
				CLANG_WARN_DOCUMENTATION_COMMENTS = YES;
				CLANG_WARN_EMPTY_BODY = YES;
				CLANG_WARN_ENUM_CONVERSION = YES;
				CLANG_WARN_INFINITE_RECURSION = YES;
				CLANG_WARN_INT_CONVERSION = YES;
				CLANG_WARN_NON_LITERAL_NULL_CONVERSION = YES;
				CLANG_WARN_OBJC_IMPLICIT_RETAIN_SELF = YES;
				CLANG_WARN_OBJC_LITERAL_CONVERSION = YES;
				CLANG_WARN_OBJC_ROOT_CLASS = YES_ERROR;
				CLANG_WARN_RANGE_LOOP_ANALYSIS = YES;
				CLANG_WARN_STRICT_PROTOTYPES = YES;
				CLANG_WARN_SUSPICIOUS_MOVE = YES;
				CLANG_WARN_UNGUARDED_AVAILABILITY = YES_AGGRESSIVE;
				CLANG_WARN_UNREACHABLE_CODE = YES;
				CLANG_WARN__DUPLICATE_METHOD_MATCH = YES;
				CODE_SIGN_IDENTITY = "iPhone Developer";
				COPY_PHASE_STRIP = NO;
				DEBUG_INFORMATION_FORMAT = "dwarf-with-dsym";
				ENABLE_NS_ASSERTIONS = NO;
				ENABLE_STRICT_OBJC_MSGSEND = YES;
				GCC_C_LANGUAGE_STANDARD = gnu11;
				GCC_NO_COMMON_BLOCKS = YES;
				GCC_WARN_64_TO_32_BIT_CONVERSION = YES;
				GCC_WARN_ABOUT_RETURN_TYPE = YES_ERROR;
				GCC_WARN_UNDECLARED_SELECTOR = YES;
				GCC_WARN_UNINITIALIZED_AUTOS = YES_AGGRESSIVE;
				GCC_WARN_UNUSED_FUNCTION = YES;
				GCC_WARN_UNUSED_VARIABLE = YES;
				IPHONEOS_DEPLOYMENT_TARGET = 12.2;
				MTL_ENABLE_DEBUG_INFO = NO;
				MTL_FAST_MATH = YES;
				SDKROOT = iphoneos;
				SWIFT_COMPILATION_MODE = wholemodule;
				SWIFT_OPTIMIZATION_LEVEL = "-O";
				VALIDATE_PRODUCT = YES;
			};
			name = Release;
		};
		B705976B2255112B00AE1386 /* Debug */ = {
			isa = XCBuildConfiguration;
			buildSettings = {
				ASSETCATALOG_COMPILER_APPICON_NAME = AppIcon;
				CODE_SIGN_STYLE = Automatic;
				DEVELOPMENT_TEAM = 6T82PFMLK6;
				INFOPLIST_FILE = finalTest/Info.plist;
				IPHONEOS_DEPLOYMENT_TARGET = 12.1;
				LD_RUNPATH_SEARCH_PATHS = (
					"$(inherited)",
					"@executable_path/Frameworks",
				);
				PRODUCT_BUNDLE_IDENTIFIER = "Soaptarshi-Paul.finalTest";
				PRODUCT_NAME = "$(TARGET_NAME)";
				SWIFT_VERSION = 4.2;
				TARGETED_DEVICE_FAMILY = 1;
			};
			name = Debug;
		};
		B705976C2255112B00AE1386 /* Release */ = {
			isa = XCBuildConfiguration;
			buildSettings = {
				ASSETCATALOG_COMPILER_APPICON_NAME = AppIcon;
				CODE_SIGN_STYLE = Automatic;
				DEVELOPMENT_TEAM = 6T82PFMLK6;
				INFOPLIST_FILE = finalTest/Info.plist;
				IPHONEOS_DEPLOYMENT_TARGET = 12.1;
				LD_RUNPATH_SEARCH_PATHS = (
					"$(inherited)",
					"@executable_path/Frameworks",
				);
				PRODUCT_BUNDLE_IDENTIFIER = "Soaptarshi-Paul.finalTest";
				PRODUCT_NAME = "$(TARGET_NAME)";
				SWIFT_VERSION = 4.2;
				TARGETED_DEVICE_FAMILY = 1;
			};
			name = Release;
		};
		B705976E2255112B00AE1386 /* Debug */ = {
			isa = XCBuildConfiguration;
			buildSettings = {
				ALWAYS_EMBED_SWIFT_STANDARD_LIBRARIES = YES;
				BUNDLE_LOADER = "$(TEST_HOST)";
				CODE_SIGN_STYLE = Automatic;
				INFOPLIST_FILE = finalTestTests/Info.plist;
				LD_RUNPATH_SEARCH_PATHS = (
					"$(inherited)",
					"@executable_path/Frameworks",
					"@loader_path/Frameworks",
				);
				PRODUCT_BUNDLE_IDENTIFIER = "Soaptarshi-Paul.finalTestTests";
				PRODUCT_NAME = "$(TARGET_NAME)";
				SWIFT_VERSION = 5.0;
				TARGETED_DEVICE_FAMILY = "1,2";
				TEST_HOST = "$(BUILT_PRODUCTS_DIR)/finalTest.app/finalTest";
			};
			name = Debug;
		};
		B705976F2255112B00AE1386 /* Release */ = {
			isa = XCBuildConfiguration;
			buildSettings = {
				ALWAYS_EMBED_SWIFT_STANDARD_LIBRARIES = YES;
				BUNDLE_LOADER = "$(TEST_HOST)";
				CODE_SIGN_STYLE = Automatic;
				INFOPLIST_FILE = finalTestTests/Info.plist;
				LD_RUNPATH_SEARCH_PATHS = (
					"$(inherited)",
					"@executable_path/Frameworks",
					"@loader_path/Frameworks",
				);
				PRODUCT_BUNDLE_IDENTIFIER = "Soaptarshi-Paul.finalTestTests";
				PRODUCT_NAME = "$(TARGET_NAME)";
				SWIFT_VERSION = 5.0;
				TARGETED_DEVICE_FAMILY = "1,2";
				TEST_HOST = "$(BUILT_PRODUCTS_DIR)/finalTest.app/finalTest";
			};
			name = Release;
		};
		B70597712255112B00AE1386 /* Debug */ = {
			isa = XCBuildConfiguration;
			buildSettings = {
				ALWAYS_EMBED_SWIFT_STANDARD_LIBRARIES = YES;
				CODE_SIGN_STYLE = Automatic;
				INFOPLIST_FILE = finalTestUITests/Info.plist;
				LD_RUNPATH_SEARCH_PATHS = (
					"$(inherited)",
					"@executable_path/Frameworks",
					"@loader_path/Frameworks",
				);
				PRODUCT_BUNDLE_IDENTIFIER = "Soaptarshi-Paul.finalTestUITests";
				PRODUCT_NAME = "$(TARGET_NAME)";
				SWIFT_VERSION = 5.0;
				TARGETED_DEVICE_FAMILY = "1,2";
				TEST_TARGET_NAME = finalTest;
			};
			name = Debug;
		};
		B70597722255112B00AE1386 /* Release */ = {
			isa = XCBuildConfiguration;
			buildSettings = {
				ALWAYS_EMBED_SWIFT_STANDARD_LIBRARIES = YES;
				CODE_SIGN_STYLE = Automatic;
				INFOPLIST_FILE = finalTestUITests/Info.plist;
				LD_RUNPATH_SEARCH_PATHS = (
					"$(inherited)",
					"@executable_path/Frameworks",
					"@loader_path/Frameworks",
				);
				PRODUCT_BUNDLE_IDENTIFIER = "Soaptarshi-Paul.finalTestUITests";
				PRODUCT_NAME = "$(TARGET_NAME)";
				SWIFT_VERSION = 5.0;
				TARGETED_DEVICE_FAMILY = "1,2";
				TEST_TARGET_NAME = finalTest;
			};
			name = Release;
		};
/* End XCBuildConfiguration section */

/* Begin XCConfigurationList section */
		B705973D2255112300AE1386 /* Build configuration list for PBXProject "finalTest" */ = {
			isa = XCConfigurationList;
			buildConfigurations = (
				B70597682255112B00AE1386 /* Debug */,
				B70597692255112B00AE1386 /* Release */,
			);
			defaultConfigurationIsVisible = 0;
			defaultConfigurationName = Release;
		};
		B705976A2255112B00AE1386 /* Build configuration list for PBXNativeTarget "finalTest" */ = {
			isa = XCConfigurationList;
			buildConfigurations = (
				B705976B2255112B00AE1386 /* Debug */,
				B705976C2255112B00AE1386 /* Release */,
			);
			defaultConfigurationIsVisible = 0;
			defaultConfigurationName = Release;
		};
		B705976D2255112B00AE1386 /* Build configuration list for PBXNativeTarget "finalTestTests" */ = {
			isa = XCConfigurationList;
			buildConfigurations = (
				B705976E2255112B00AE1386 /* Debug */,
				B705976F2255112B00AE1386 /* Release */,
			);
			defaultConfigurationIsVisible = 0;
			defaultConfigurationName = Release;
		};
		B70597702255112B00AE1386 /* Build configuration list for PBXNativeTarget "finalTestUITests" */ = {
			isa = XCConfigurationList;
			buildConfigurations = (
				B70597712255112B00AE1386 /* Debug */,
				B70597722255112B00AE1386 /* Release */,
			);
			defaultConfigurationIsVisible = 0;
			defaultConfigurationName = Release;
		};
/* End XCConfigurationList section */
	};
	rootObject = B705973A2255112300AE1386 /* Project object */;
}
